// !$*UTF8*$!
{
	archiveVersion = 1;
	classes = {
	};
	objectVersion = 56;
	objects = {

/* Begin PBXBuildFile section */
		713848ED2B583AFC0060D210 /* EntryView.swift in Sources */ = {isa = PBXBuildFile; fileRef = 713848EC2B583AFC0060D210 /* EntryView.swift */; };
		713848EF2B583B050060D210 /* LoginView.swift in Sources */ = {isa = PBXBuildFile; fileRef = 713848EE2B583B050060D210 /* LoginView.swift */; };
		713848F12B583B0D0060D210 /* RegisterView.swift in Sources */ = {isa = PBXBuildFile; fileRef = 713848F02B583B0D0060D210 /* RegisterView.swift */; };
		713848F42B583B3D0060D210 /* Login.swift in Sources */ = {isa = PBXBuildFile; fileRef = 713848F32B583B3D0060D210 /* Login.swift */; };
		713848F62B583B5F0060D210 /* Register.swift in Sources */ = {isa = PBXBuildFile; fileRef = 713848F52B583B5F0060D210 /* Register.swift */; };
		713848FE2B583E160060D210 /* Common.swift in Sources */ = {isa = PBXBuildFile; fileRef = 713848FD2B583E160060D210 /* Common.swift */; };
		713849012B58416A0060D210 /* Account.swift in Sources */ = {isa = PBXBuildFile; fileRef = 713849002B58416A0060D210 /* Account.swift */; };
		713849042B584A030060D210 /* Workout.swift in Sources */ = {isa = PBXBuildFile; fileRef = 713849032B584A030060D210 /* Workout.swift */; };
		713849072B584DC00060D210 /* WorkoutDetailView.swift in Sources */ = {isa = PBXBuildFile; fileRef = 713849062B584DC00060D210 /* WorkoutDetailView.swift */; };
		715D0E5D2B5BEEFE000B4704 /* LoginCall.swift in Sources */ = {isa = PBXBuildFile; fileRef = 715D0E5C2B5BEEFE000B4704 /* LoginCall.swift */; };
		715D0E5F2B5BEF8B000B4704 /* RegisterCall.swift in Sources */ = {isa = PBXBuildFile; fileRef = 715D0E5E2B5BEF8B000B4704 /* RegisterCall.swift */; };
		715D0E612B5BEFB2000B4704 /* LoginService.swift in Sources */ = {isa = PBXBuildFile; fileRef = 715D0E602B5BEFB2000B4704 /* LoginService.swift */; };
		715D0E632B5BF019000B4704 /* RegisterService.swift in Sources */ = {isa = PBXBuildFile; fileRef = 715D0E622B5BF019000B4704 /* RegisterService.swift */; };
		715D0E662B5BF940000B4704 /* WorkoutPlanCall.swift in Sources */ = {isa = PBXBuildFile; fileRef = 715D0E652B5BF940000B4704 /* WorkoutPlanCall.swift */; };
		715D0E682B5BF96F000B4704 /* WorkoutPlanService.swift in Sources */ = {isa = PBXBuildFile; fileRef = 715D0E672B5BF96F000B4704 /* WorkoutPlanService.swift */; };
		715D0E6B2B5BFBAD000B4704 /* WorkoutPlan.swift in Sources */ = {isa = PBXBuildFile; fileRef = 715D0E6A2B5BFBAD000B4704 /* WorkoutPlan.swift */; };
		715D0E6D2B5BFD82000B4704 /* WorkoutPlanGetCall.swift in Sources */ = {isa = PBXBuildFile; fileRef = 715D0E6C2B5BFD82000B4704 /* WorkoutPlanGetCall.swift */; };
		715D0E702B5C0300000B4704 /* WorkoutGetCall.swift in Sources */ = {isa = PBXBuildFile; fileRef = 715D0E6F2B5C0300000B4704 /* WorkoutGetCall.swift */; };
		715D0E722B5C0352000B4704 /* WorkoutService.swift in Sources */ = {isa = PBXBuildFile; fileRef = 715D0E712B5C0352000B4704 /* WorkoutService.swift */; };
		715D0E742B5C03ED000B4704 /* WorkoutAddCall.swift in Sources */ = {isa = PBXBuildFile; fileRef = 715D0E732B5C03ED000B4704 /* WorkoutAddCall.swift */; };
		715D0E772B5C0C9D000B4704 /* AddWeightCall.swift in Sources */ = {isa = PBXBuildFile; fileRef = 715D0E762B5C0C9D000B4704 /* AddWeightCall.swift */; };
		715D0E792B5C0CEB000B4704 /* GetWeightsCall.swift in Sources */ = {isa = PBXBuildFile; fileRef = 715D0E782B5C0CEB000B4704 /* GetWeightsCall.swift */; };
		715D0E7B2B5C0D22000B4704 /* WeightService.swift in Sources */ = {isa = PBXBuildFile; fileRef = 715D0E7A2B5C0D22000B4704 /* WeightService.swift */; };
		7182673A2B56EA1C00579D2D /* WorkoutsView.swift in Sources */ = {isa = PBXBuildFile; fileRef = 718267392B56EA1C00579D2D /* WorkoutsView.swift */; };
		7182673C2B56EA5800579D2D /* AppViewModel.swift in Sources */ = {isa = PBXBuildFile; fileRef = 7182673B2B56EA5800579D2D /* AppViewModel.swift */; };
		7182673E2B56EEF600579D2D /* SideMenuView.swift in Sources */ = {isa = PBXBuildFile; fileRef = 7182673D2B56EEF600579D2D /* SideMenuView.swift */; };
		718267412B56EFD300579D2D /* SideMenuRowType.swift in Sources */ = {isa = PBXBuildFile; fileRef = 718267402B56EFD300579D2D /* SideMenuRowType.swift */; };
		718267432B56F0C400579D2D /* SideMenuContentView.swift in Sources */ = {isa = PBXBuildFile; fileRef = 718267422B56F0C400579D2D /* SideMenuContentView.swift */; };
		718267462B56F4B000579D2D /* WeightsView.swift in Sources */ = {isa = PBXBuildFile; fileRef = 718267452B56F4B000579D2D /* WeightsView.swift */; };
		718267492B56F83600579D2D /* VisualProgressView.swift in Sources */ = {isa = PBXBuildFile; fileRef = 718267482B56F83600579D2D /* VisualProgressView.swift */; };
		7193885E2B59E8E5009FB015 /* WorkoutPlanView.swift in Sources */ = {isa = PBXBuildFile; fileRef = 7193885D2B59E8E5009FB015 /* WorkoutPlanView.swift */; };
		719388602B59E9AB009FB015 /* WorkoutPlanDetailView.swift in Sources */ = {isa = PBXBuildFile; fileRef = 7193885F2B59E9AB009FB015 /* WorkoutPlanDetailView.swift */; };
		71A7C0002B55B5F7005BA0C1 /* WorkoutTrackerApp.swift in Sources */ = {isa = PBXBuildFile; fileRef = 71A7BFFF2B55B5F7005BA0C1 /* WorkoutTrackerApp.swift */; };
		71A7C0022B55B5F7005BA0C1 /* AppView.swift in Sources */ = {isa = PBXBuildFile; fileRef = 71A7C0012B55B5F7005BA0C1 /* AppView.swift */; };
		71A7C0042B55B5F7005BA0C1 /* Assets.xcassets in Resources */ = {isa = PBXBuildFile; fileRef = 71A7C0032B55B5F7005BA0C1 /* Assets.xcassets */; };
		71A7C0072B55B5F7005BA0C1 /* Preview Assets.xcassets in Resources */ = {isa = PBXBuildFile; fileRef = 71A7C0062B55B5F7005BA0C1 /* Preview Assets.xcassets */; };
		71D1DB5B2B5A89A500027786 /* AddWorkoutView.swift in Sources */ = {isa = PBXBuildFile; fileRef = 71D1DB5A2B5A89A500027786 /* AddWorkoutView.swift */; };
		71D1DB5E2B5AB38000027786 /* Weight.swift in Sources */ = {isa = PBXBuildFile; fileRef = 71D1DB5D2B5AB38000027786 /* Weight.swift */; };
		71D1DB632B5AC23C00027786 /* ImagePicker.swift in Sources */ = {isa = PBXBuildFile; fileRef = 71D1DB622B5AC23C00027786 /* ImagePicker.swift */; };
		71E195212B55B7130056E468 /* BackendClient.swift in Sources */ = {isa = PBXBuildFile; fileRef = 71E195202B55B7130056E468 /* BackendClient.swift */; };
		71E195232B55B74D0056E468 /* APIError.swift in Sources */ = {isa = PBXBuildFile; fileRef = 71E195222B55B74D0056E468 /* APIError.swift */; };
		71E195252B55B7D30056E468 /* HTTPMethod.swift in Sources */ = {isa = PBXBuildFile; fileRef = 71E195242B55B7D30056E468 /* HTTPMethod.swift */; };
		71E195272B55B7E60056E468 /* Call.swift in Sources */ = {isa = PBXBuildFile; fileRef = 71E195262B55B7E60056E468 /* Call.swift */; };
		71E195292B55BA740056E468 /* ErrorMessage.swift in Sources */ = {isa = PBXBuildFile; fileRef = 71E195282B55BA740056E468 /* ErrorMessage.swift */; };
/* End PBXBuildFile section */

/* Begin PBXFileReference section */
		713848EC2B583AFC0060D210 /* EntryView.swift */ = {isa = PBXFileReference; lastKnownFileType = sourcecode.swift; path = EntryView.swift; sourceTree = "<group>"; };
		713848EE2B583B050060D210 /* LoginView.swift */ = {isa = PBXFileReference; lastKnownFileType = sourcecode.swift; path = LoginView.swift; sourceTree = "<group>"; };
		713848F02B583B0D0060D210 /* RegisterView.swift */ = {isa = PBXFileReference; lastKnownFileType = sourcecode.swift; path = RegisterView.swift; sourceTree = "<group>"; };
		713848F32B583B3D0060D210 /* Login.swift */ = {isa = PBXFileReference; lastKnownFileType = sourcecode.swift; path = Login.swift; sourceTree = "<group>"; };
		713848F52B583B5F0060D210 /* Register.swift */ = {isa = PBXFileReference; lastKnownFileType = sourcecode.swift; path = Register.swift; sourceTree = "<group>"; };
		713848FD2B583E160060D210 /* Common.swift */ = {isa = PBXFileReference; lastKnownFileType = sourcecode.swift; path = Common.swift; sourceTree = "<group>"; };
		713849002B58416A0060D210 /* Account.swift */ = {isa = PBXFileReference; lastKnownFileType = sourcecode.swift; path = Account.swift; sourceTree = "<group>"; };
		713849032B584A030060D210 /* Workout.swift */ = {isa = PBXFileReference; lastKnownFileType = sourcecode.swift; path = Workout.swift; sourceTree = "<group>"; };
		713849062B584DC00060D210 /* WorkoutDetailView.swift */ = {isa = PBXFileReference; lastKnownFileType = sourcecode.swift; path = WorkoutDetailView.swift; sourceTree = "<group>"; };
		715D0E5C2B5BEEFE000B4704 /* LoginCall.swift */ = {isa = PBXFileReference; lastKnownFileType = sourcecode.swift; path = LoginCall.swift; sourceTree = "<group>"; };
		715D0E5E2B5BEF8B000B4704 /* RegisterCall.swift */ = {isa = PBXFileReference; lastKnownFileType = sourcecode.swift; path = RegisterCall.swift; sourceTree = "<group>"; };
		715D0E602B5BEFB2000B4704 /* LoginService.swift */ = {isa = PBXFileReference; lastKnownFileType = sourcecode.swift; path = LoginService.swift; sourceTree = "<group>"; };
		715D0E622B5BF019000B4704 /* RegisterService.swift */ = {isa = PBXFileReference; lastKnownFileType = sourcecode.swift; path = RegisterService.swift; sourceTree = "<group>"; };
		715D0E652B5BF940000B4704 /* WorkoutPlanCall.swift */ = {isa = PBXFileReference; lastKnownFileType = sourcecode.swift; path = WorkoutPlanCall.swift; sourceTree = "<group>"; };
		715D0E672B5BF96F000B4704 /* WorkoutPlanService.swift */ = {isa = PBXFileReference; lastKnownFileType = sourcecode.swift; path = WorkoutPlanService.swift; sourceTree = "<group>"; };
		715D0E6A2B5BFBAD000B4704 /* WorkoutPlan.swift */ = {isa = PBXFileReference; lastKnownFileType = sourcecode.swift; path = WorkoutPlan.swift; sourceTree = "<group>"; };
		715D0E6C2B5BFD82000B4704 /* WorkoutPlanGetCall.swift */ = {isa = PBXFileReference; lastKnownFileType = sourcecode.swift; path = WorkoutPlanGetCall.swift; sourceTree = "<group>"; };
		715D0E6F2B5C0300000B4704 /* WorkoutGetCall.swift */ = {isa = PBXFileReference; lastKnownFileType = sourcecode.swift; path = WorkoutGetCall.swift; sourceTree = "<group>"; };
		715D0E712B5C0352000B4704 /* WorkoutService.swift */ = {isa = PBXFileReference; lastKnownFileType = sourcecode.swift; path = WorkoutService.swift; sourceTree = "<group>"; };
		715D0E732B5C03ED000B4704 /* WorkoutAddCall.swift */ = {isa = PBXFileReference; lastKnownFileType = sourcecode.swift; path = WorkoutAddCall.swift; sourceTree = "<group>"; };
		715D0E762B5C0C9D000B4704 /* AddWeightCall.swift */ = {isa = PBXFileReference; lastKnownFileType = sourcecode.swift; path = AddWeightCall.swift; sourceTree = "<group>"; };
		715D0E782B5C0CEB000B4704 /* GetWeightsCall.swift */ = {isa = PBXFileReference; lastKnownFileType = sourcecode.swift; path = GetWeightsCall.swift; sourceTree = "<group>"; };
		715D0E7A2B5C0D22000B4704 /* WeightService.swift */ = {isa = PBXFileReference; lastKnownFileType = sourcecode.swift; path = WeightService.swift; sourceTree = "<group>"; };
		718267392B56EA1C00579D2D /* WorkoutsView.swift */ = {isa = PBXFileReference; lastKnownFileType = sourcecode.swift; path = WorkoutsView.swift; sourceTree = "<group>"; };
		7182673B2B56EA5800579D2D /* AppViewModel.swift */ = {isa = PBXFileReference; lastKnownFileType = sourcecode.swift; path = AppViewModel.swift; sourceTree = "<group>"; };
		7182673D2B56EEF600579D2D /* SideMenuView.swift */ = {isa = PBXFileReference; lastKnownFileType = sourcecode.swift; path = SideMenuView.swift; sourceTree = "<group>"; };
		718267402B56EFD300579D2D /* SideMenuRowType.swift */ = {isa = PBXFileReference; lastKnownFileType = sourcecode.swift; path = SideMenuRowType.swift; sourceTree = "<group>"; };
		718267422B56F0C400579D2D /* SideMenuContentView.swift */ = {isa = PBXFileReference; lastKnownFileType = sourcecode.swift; path = SideMenuContentView.swift; sourceTree = "<group>"; };
		718267452B56F4B000579D2D /* WeightsView.swift */ = {isa = PBXFileReference; lastKnownFileType = sourcecode.swift; path = WeightsView.swift; sourceTree = "<group>"; };
		718267482B56F83600579D2D /* VisualProgressView.swift */ = {isa = PBXFileReference; lastKnownFileType = sourcecode.swift; path = VisualProgressView.swift; sourceTree = "<group>"; };
		7193885D2B59E8E5009FB015 /* WorkoutPlanView.swift */ = {isa = PBXFileReference; lastKnownFileType = sourcecode.swift; path = WorkoutPlanView.swift; sourceTree = "<group>"; };
		7193885F2B59E9AB009FB015 /* WorkoutPlanDetailView.swift */ = {isa = PBXFileReference; lastKnownFileType = sourcecode.swift; path = WorkoutPlanDetailView.swift; sourceTree = "<group>"; };
		71A7BFFC2B55B5F7005BA0C1 /* WorkoutTracker.app */ = {isa = PBXFileReference; explicitFileType = wrapper.application; includeInIndex = 0; path = WorkoutTracker.app; sourceTree = BUILT_PRODUCTS_DIR; };
		71A7BFFF2B55B5F7005BA0C1 /* WorkoutTrackerApp.swift */ = {isa = PBXFileReference; lastKnownFileType = sourcecode.swift; path = WorkoutTrackerApp.swift; sourceTree = "<group>"; };
		71A7C0012B55B5F7005BA0C1 /* AppView.swift */ = {isa = PBXFileReference; lastKnownFileType = sourcecode.swift; path = AppView.swift; sourceTree = "<group>"; };
		71A7C0032B55B5F7005BA0C1 /* Assets.xcassets */ = {isa = PBXFileReference; lastKnownFileType = folder.assetcatalog; path = Assets.xcassets; sourceTree = "<group>"; };
		71A7C0062B55B5F7005BA0C1 /* Preview Assets.xcassets */ = {isa = PBXFileReference; lastKnownFileType = folder.assetcatalog; path = "Preview Assets.xcassets"; sourceTree = "<group>"; };
		71D1DB5A2B5A89A500027786 /* AddWorkoutView.swift */ = {isa = PBXFileReference; lastKnownFileType = sourcecode.swift; path = AddWorkoutView.swift; sourceTree = "<group>"; };
		71D1DB5D2B5AB38000027786 /* Weight.swift */ = {isa = PBXFileReference; lastKnownFileType = sourcecode.swift; path = Weight.swift; sourceTree = "<group>"; };
		71D1DB622B5AC23C00027786 /* ImagePicker.swift */ = {isa = PBXFileReference; lastKnownFileType = sourcecode.swift; path = ImagePicker.swift; sourceTree = "<group>"; };
		71E195202B55B7130056E468 /* BackendClient.swift */ = {isa = PBXFileReference; lastKnownFileType = sourcecode.swift; path = BackendClient.swift; sourceTree = "<group>"; };
		71E195222B55B74D0056E468 /* APIError.swift */ = {isa = PBXFileReference; lastKnownFileType = sourcecode.swift; path = APIError.swift; sourceTree = "<group>"; };
		71E195242B55B7D30056E468 /* HTTPMethod.swift */ = {isa = PBXFileReference; lastKnownFileType = sourcecode.swift; path = HTTPMethod.swift; sourceTree = "<group>"; };
		71E195262B55B7E60056E468 /* Call.swift */ = {isa = PBXFileReference; lastKnownFileType = sourcecode.swift; path = Call.swift; sourceTree = "<group>"; };
		71E195282B55BA740056E468 /* ErrorMessage.swift */ = {isa = PBXFileReference; lastKnownFileType = sourcecode.swift; path = ErrorMessage.swift; sourceTree = "<group>"; };
/* End PBXFileReference section */

/* Begin PBXFrameworksBuildPhase section */
		71A7BFF92B55B5F6005BA0C1 /* Frameworks */ = {
			isa = PBXFrameworksBuildPhase;
			buildActionMask = 2147483647;
			files = (
			);
			runOnlyForDeploymentPostprocessing = 0;
		};
/* End PBXFrameworksBuildPhase section */

/* Begin PBXGroup section */
		713848EB2B583AE60060D210 /* Entry */ = {
			isa = PBXGroup;
			children = (
				715D0E5B2B5BEEF4000B4704 /* Service */,
				713848F22B583B330060D210 /* Model */,
				713848EC2B583AFC0060D210 /* EntryView.swift */,
				713848EE2B583B050060D210 /* LoginView.swift */,
				713848F02B583B0D0060D210 /* RegisterView.swift */,
			);
			path = Entry;
			sourceTree = "<group>";
		};
		713848F22B583B330060D210 /* Model */ = {
			isa = PBXGroup;
			children = (
				713848F32B583B3D0060D210 /* Login.swift */,
				713848F52B583B5F0060D210 /* Register.swift */,
			);
			path = Model;
			sourceTree = "<group>";
		};
		713848FC2B583E070060D210 /* Shared */ = {
			isa = PBXGroup;
			children = (
				713848FF2B5841610060D210 /* Model */,
				713848FD2B583E160060D210 /* Common.swift */,
			);
			path = Shared;
			sourceTree = "<group>";
		};
		713848FF2B5841610060D210 /* Model */ = {
			isa = PBXGroup;
			children = (
				713849002B58416A0060D210 /* Account.swift */,
			);
			path = Model;
			sourceTree = "<group>";
		};
		713849022B5849E00060D210 /* Model */ = {
			isa = PBXGroup;
			children = (
				713849032B584A030060D210 /* Workout.swift */,
			);
			path = Model;
			sourceTree = "<group>";
		};
		713849052B584DB50060D210 /* WorkoutDetail */ = {
			isa = PBXGroup;
			children = (
				713849062B584DC00060D210 /* WorkoutDetailView.swift */,
			);
			path = WorkoutDetail;
			sourceTree = "<group>";
		};
		715D0E5B2B5BEEF4000B4704 /* Service */ = {
			isa = PBXGroup;
			children = (
				715D0E5C2B5BEEFE000B4704 /* LoginCall.swift */,
				715D0E5E2B5BEF8B000B4704 /* RegisterCall.swift */,
				715D0E602B5BEFB2000B4704 /* LoginService.swift */,
				715D0E622B5BF019000B4704 /* RegisterService.swift */,
			);
			path = Service;
			sourceTree = "<group>";
		};
		715D0E642B5BF931000B4704 /* Service */ = {
			isa = PBXGroup;
			children = (
				715D0E652B5BF940000B4704 /* WorkoutPlanCall.swift */,
				715D0E672B5BF96F000B4704 /* WorkoutPlanService.swift */,
				715D0E6C2B5BFD82000B4704 /* WorkoutPlanGetCall.swift */,
			);
			path = Service;
			sourceTree = "<group>";
		};
		715D0E692B5BFB9E000B4704 /* Model */ = {
			isa = PBXGroup;
			children = (
				715D0E6A2B5BFBAD000B4704 /* WorkoutPlan.swift */,
			);
			path = Model;
			sourceTree = "<group>";
		};
		715D0E6E2B5C02F3000B4704 /* Service */ = {
			isa = PBXGroup;
			children = (
				715D0E6F2B5C0300000B4704 /* WorkoutGetCall.swift */,
				715D0E712B5C0352000B4704 /* WorkoutService.swift */,
				715D0E732B5C03ED000B4704 /* WorkoutAddCall.swift */,
			);
			path = Service;
			sourceTree = "<group>";
		};
		715D0E752B5C0C91000B4704 /* Service */ = {
			isa = PBXGroup;
			children = (
				715D0E762B5C0C9D000B4704 /* AddWeightCall.swift */,
				715D0E782B5C0CEB000B4704 /* GetWeightsCall.swift */,
				715D0E7A2B5C0D22000B4704 /* WeightService.swift */,
			);
			path = Service;
			sourceTree = "<group>";
		};
		718267372B56E9DE00579D2D /* Features */ = {
			isa = PBXGroup;
			children = (
				7193885C2B59E8D3009FB015 /* WorkoutPlan */,
				713849052B584DB50060D210 /* WorkoutDetail */,
				713848EB2B583AE60060D210 /* Entry */,
				718267472B56F82400579D2D /* VisualProgress */,
				718267442B56F47F00579D2D /* Weights */,
				7182673F2B56EFC300579D2D /* SideMenu */,
				718267382B56E9F000579D2D /* Startpage */,
			);
			path = Features;
			sourceTree = "<group>";
		};
		718267382B56E9F000579D2D /* Startpage */ = {
			isa = PBXGroup;
			children = (
				715D0E6E2B5C02F3000B4704 /* Service */,
				713849022B5849E00060D210 /* Model */,
				718267392B56EA1C00579D2D /* WorkoutsView.swift */,
				71D1DB5A2B5A89A500027786 /* AddWorkoutView.swift */,
			);
			path = Startpage;
			sourceTree = "<group>";
		};
		7182673F2B56EFC300579D2D /* SideMenu */ = {
			isa = PBXGroup;
			children = (
				7182673D2B56EEF600579D2D /* SideMenuView.swift */,
				718267402B56EFD300579D2D /* SideMenuRowType.swift */,
				718267422B56F0C400579D2D /* SideMenuContentView.swift */,
			);
			path = SideMenu;
			sourceTree = "<group>";
		};
		718267442B56F47F00579D2D /* Weights */ = {
			isa = PBXGroup;
			children = (
				715D0E752B5C0C91000B4704 /* Service */,
				71D1DB5C2B5AB37700027786 /* Model */,
				718267452B56F4B000579D2D /* WeightsView.swift */,
			);
			path = Weights;
			sourceTree = "<group>";
		};
		718267472B56F82400579D2D /* VisualProgress */ = {
			isa = PBXGroup;
			children = (
				718267482B56F83600579D2D /* VisualProgressView.swift */,
				71D1DB622B5AC23C00027786 /* ImagePicker.swift */,
			);
			path = VisualProgress;
			sourceTree = "<group>";
		};
		7193885C2B59E8D3009FB015 /* WorkoutPlan */ = {
			isa = PBXGroup;
			children = (
				715D0E692B5BFB9E000B4704 /* Model */,
				715D0E642B5BF931000B4704 /* Service */,
				7193885D2B59E8E5009FB015 /* WorkoutPlanView.swift */,
				7193885F2B59E9AB009FB015 /* WorkoutPlanDetailView.swift */,
			);
			path = WorkoutPlan;
			sourceTree = "<group>";
		};
		71A7BFF32B55B5F6005BA0C1 = {
			isa = PBXGroup;
			children = (
				71A7BFFE2B55B5F7005BA0C1 /* WorkoutTracker */,
				71A7BFFD2B55B5F7005BA0C1 /* Products */,
			);
			sourceTree = "<group>";
		};
		71A7BFFD2B55B5F7005BA0C1 /* Products */ = {
			isa = PBXGroup;
			children = (
				71A7BFFC2B55B5F7005BA0C1 /* WorkoutTracker.app */,
			);
			name = Products;
			sourceTree = "<group>";
		};
		71A7BFFE2B55B5F7005BA0C1 /* WorkoutTracker */ = {
			isa = PBXGroup;
			children = (
				713848FC2B583E070060D210 /* Shared */,
				718267372B56E9DE00579D2D /* Features */,
				71E1951F2B55B6D70056E468 /* Network */,
				71A7BFFF2B55B5F7005BA0C1 /* WorkoutTrackerApp.swift */,
				71A7C0012B55B5F7005BA0C1 /* AppView.swift */,
				7182673B2B56EA5800579D2D /* AppViewModel.swift */,
				71A7C0032B55B5F7005BA0C1 /* Assets.xcassets */,
				71A7C0052B55B5F7005BA0C1 /* Preview Content */,
			);
			path = WorkoutTracker;
			sourceTree = "<group>";
		};
		71A7C0052B55B5F7005BA0C1 /* Preview Content */ = {
			isa = PBXGroup;
			children = (
				71A7C0062B55B5F7005BA0C1 /* Preview Assets.xcassets */,
			);
			path = "Preview Content";
			sourceTree = "<group>";
		};
		71D1DB5C2B5AB37700027786 /* Model */ = {
			isa = PBXGroup;
			children = (
				71D1DB5D2B5AB38000027786 /* Weight.swift */,
			);
			path = Model;
			sourceTree = "<group>";
		};
		71E1951F2B55B6D70056E468 /* Network */ = {
			isa = PBXGroup;
			children = (
				71E195202B55B7130056E468 /* BackendClient.swift */,
				71E195222B55B74D0056E468 /* APIError.swift */,
				71E195242B55B7D30056E468 /* HTTPMethod.swift */,
				71E195262B55B7E60056E468 /* Call.swift */,
				71E195282B55BA740056E468 /* ErrorMessage.swift */,
			);
			path = Network;
			sourceTree = "<group>";
		};
/* End PBXGroup section */

/* Begin PBXNativeTarget section */
		71A7BFFB2B55B5F6005BA0C1 /* WorkoutTracker */ = {
			isa = PBXNativeTarget;
			buildConfigurationList = 71A7C00A2B55B5F7005BA0C1 /* Build configuration list for PBXNativeTarget "WorkoutTracker" */;
			buildPhases = (
				71A7BFF82B55B5F6005BA0C1 /* Sources */,
				71A7BFF92B55B5F6005BA0C1 /* Frameworks */,
				71A7BFFA2B55B5F6005BA0C1 /* Resources */,
			);
			buildRules = (
			);
			dependencies = (
			);
			name = WorkoutTracker;
			productName = WorkoutTracker;
			productReference = 71A7BFFC2B55B5F7005BA0C1 /* WorkoutTracker.app */;
			productType = "com.apple.product-type.application";
		};
/* End PBXNativeTarget section */

/* Begin PBXProject section */
		71A7BFF42B55B5F6005BA0C1 /* Project object */ = {
			isa = PBXProject;
			attributes = {
				BuildIndependentTargetsInParallel = 1;
				LastSwiftUpdateCheck = 1500;
				LastUpgradeCheck = 1500;
				TargetAttributes = {
					71A7BFFB2B55B5F6005BA0C1 = {
						CreatedOnToolsVersion = 15.0.1;
					};
				};
			};
			buildConfigurationList = 71A7BFF72B55B5F6005BA0C1 /* Build configuration list for PBXProject "WorkoutTracker" */;
			compatibilityVersion = "Xcode 14.0";
			developmentRegion = en;
			hasScannedForEncodings = 0;
			knownRegions = (
				en,
				Base,
			);
			mainGroup = 71A7BFF32B55B5F6005BA0C1;
			productRefGroup = 71A7BFFD2B55B5F7005BA0C1 /* Products */;
			projectDirPath = "";
			projectRoot = "";
			targets = (
				71A7BFFB2B55B5F6005BA0C1 /* WorkoutTracker */,
			);
		};
/* End PBXProject section */

/* Begin PBXResourcesBuildPhase section */
		71A7BFFA2B55B5F6005BA0C1 /* Resources */ = {
			isa = PBXResourcesBuildPhase;
			buildActionMask = 2147483647;
			files = (
				71A7C0072B55B5F7005BA0C1 /* Preview Assets.xcassets in Resources */,
				71A7C0042B55B5F7005BA0C1 /* Assets.xcassets in Resources */,
			);
			runOnlyForDeploymentPostprocessing = 0;
		};
/* End PBXResourcesBuildPhase section */

/* Begin PBXSourcesBuildPhase section */
		71A7BFF82B55B5F6005BA0C1 /* Sources */ = {
			isa = PBXSourcesBuildPhase;
			buildActionMask = 2147483647;
			files = (
				718267432B56F0C400579D2D /* SideMenuContentView.swift in Sources */,
				713849012B58416A0060D210 /* Account.swift in Sources */,
				713848F62B583B5F0060D210 /* Register.swift in Sources */,
				715D0E7B2B5C0D22000B4704 /* WeightService.swift in Sources */,
				715D0E772B5C0C9D000B4704 /* AddWeightCall.swift in Sources */,
				718267492B56F83600579D2D /* VisualProgressView.swift in Sources */,
				713848ED2B583AFC0060D210 /* EntryView.swift in Sources */,
				715D0E722B5C0352000B4704 /* WorkoutService.swift in Sources */,
				71E195212B55B7130056E468 /* BackendClient.swift in Sources */,
				71E195292B55BA740056E468 /* ErrorMessage.swift in Sources */,
				715D0E5D2B5BEEFE000B4704 /* LoginCall.swift in Sources */,
				7182673C2B56EA5800579D2D /* AppViewModel.swift in Sources */,
				719388602B59E9AB009FB015 /* WorkoutPlanDetailView.swift in Sources */,
				715D0E662B5BF940000B4704 /* WorkoutPlanCall.swift in Sources */,
				71E195272B55B7E60056E468 /* Call.swift in Sources */,
				7193885E2B59E8E5009FB015 /* WorkoutPlanView.swift in Sources */,
				715D0E6D2B5BFD82000B4704 /* WorkoutPlanGetCall.swift in Sources */,
				71E195232B55B74D0056E468 /* APIError.swift in Sources */,
				713848F12B583B0D0060D210 /* RegisterView.swift in Sources */,
				71D1DB5B2B5A89A500027786 /* AddWorkoutView.swift in Sources */,
				71A7C0022B55B5F7005BA0C1 /* AppView.swift in Sources */,
				713849072B584DC00060D210 /* WorkoutDetailView.swift in Sources */,
				715D0E682B5BF96F000B4704 /* WorkoutPlanService.swift in Sources */,
				71E195252B55B7D30056E468 /* HTTPMethod.swift in Sources */,
				715D0E742B5C03ED000B4704 /* WorkoutAddCall.swift in Sources */,
				715D0E632B5BF019000B4704 /* RegisterService.swift in Sources */,
				715D0E6B2B5BFBAD000B4704 /* WorkoutPlan.swift in Sources */,
				71D1DB632B5AC23C00027786 /* ImagePicker.swift in Sources */,
				715D0E702B5C0300000B4704 /* WorkoutGetCall.swift in Sources */,
				7182673E2B56EEF600579D2D /* SideMenuView.swift in Sources */,
				713848FE2B583E160060D210 /* Common.swift in Sources */,
				71D1DB5E2B5AB38000027786 /* Weight.swift in Sources */,
				718267412B56EFD300579D2D /* SideMenuRowType.swift in Sources */,
				715D0E612B5BEFB2000B4704 /* LoginService.swift in Sources */,
				7182673A2B56EA1C00579D2D /* WorkoutsView.swift in Sources */,
				715D0E5F2B5BEF8B000B4704 /* RegisterCall.swift in Sources */,
				718267462B56F4B000579D2D /* WeightsView.swift in Sources */,
				713848F42B583B3D0060D210 /* Login.swift in Sources */,
				713848EF2B583B050060D210 /* LoginView.swift in Sources */,
				713849042B584A030060D210 /* Workout.swift in Sources */,
				71A7C0002B55B5F7005BA0C1 /* WorkoutTrackerApp.swift in Sources */,
				715D0E792B5C0CEB000B4704 /* GetWeightsCall.swift in Sources */,
			);
			runOnlyForDeploymentPostprocessing = 0;
		};
/* End PBXSourcesBuildPhase section */

/* Begin XCBuildConfiguration section */
		71A7C0082B55B5F7005BA0C1 /* Debug */ = {
			isa = XCBuildConfiguration;
			buildSettings = {
				ALWAYS_SEARCH_USER_PATHS = NO;
				ASSETCATALOG_COMPILER_GENERATE_SWIFT_ASSET_SYMBOL_EXTENSIONS = YES;
				CLANG_ANALYZER_NONNULL = YES;
				CLANG_ANALYZER_NUMBER_OBJECT_CONVERSION = YES_AGGRESSIVE;
				CLANG_CXX_LANGUAGE_STANDARD = "gnu++20";
				CLANG_ENABLE_MODULES = YES;
				CLANG_ENABLE_OBJC_ARC = YES;
				CLANG_ENABLE_OBJC_WEAK = YES;
				CLANG_WARN_BLOCK_CAPTURE_AUTORELEASING = YES;
				CLANG_WARN_BOOL_CONVERSION = YES;
				CLANG_WARN_COMMA = YES;
				CLANG_WARN_CONSTANT_CONVERSION = YES;
				CLANG_WARN_DEPRECATED_OBJC_IMPLEMENTATIONS = YES;
				CLANG_WARN_DIRECT_OBJC_ISA_USAGE = YES_ERROR;
				CLANG_WARN_DOCUMENTATION_COMMENTS = YES;
				CLANG_WARN_EMPTY_BODY = YES;
				CLANG_WARN_ENUM_CONVERSION = YES;
				CLANG_WARN_INFINITE_RECURSION = YES;
				CLANG_WARN_INT_CONVERSION = YES;
				CLANG_WARN_NON_LITERAL_NULL_CONVERSION = YES;
				CLANG_WARN_OBJC_IMPLICIT_RETAIN_SELF = YES;
				CLANG_WARN_OBJC_LITERAL_CONVERSION = YES;
				CLANG_WARN_OBJC_ROOT_CLASS = YES_ERROR;
				CLANG_WARN_QUOTED_INCLUDE_IN_FRAMEWORK_HEADER = YES;
				CLANG_WARN_RANGE_LOOP_ANALYSIS = YES;
				CLANG_WARN_STRICT_PROTOTYPES = YES;
				CLANG_WARN_SUSPICIOUS_MOVE = YES;
				CLANG_WARN_UNGUARDED_AVAILABILITY = YES_AGGRESSIVE;
				CLANG_WARN_UNREACHABLE_CODE = YES;
				CLANG_WARN__DUPLICATE_METHOD_MATCH = YES;
				COPY_PHASE_STRIP = NO;
				DEBUG_INFORMATION_FORMAT = dwarf;
				ENABLE_STRICT_OBJC_MSGSEND = YES;
				ENABLE_TESTABILITY = YES;
				ENABLE_USER_SCRIPT_SANDBOXING = YES;
				GCC_C_LANGUAGE_STANDARD = gnu17;
				GCC_DYNAMIC_NO_PIC = NO;
				GCC_NO_COMMON_BLOCKS = YES;
				GCC_OPTIMIZATION_LEVEL = 0;
				GCC_PREPROCESSOR_DEFINITIONS = (
					"DEBUG=1",
					"$(inherited)",
				);
				GCC_WARN_64_TO_32_BIT_CONVERSION = YES;
				GCC_WARN_ABOUT_RETURN_TYPE = YES_ERROR;
				GCC_WARN_UNDECLARED_SELECTOR = YES;
				GCC_WARN_UNINITIALIZED_AUTOS = YES_AGGRESSIVE;
				GCC_WARN_UNUSED_FUNCTION = YES;
				GCC_WARN_UNUSED_VARIABLE = YES;
				IPHONEOS_DEPLOYMENT_TARGET = 17.0;
				LOCALIZATION_PREFERS_STRING_CATALOGS = YES;
				MTL_ENABLE_DEBUG_INFO = INCLUDE_SOURCE;
				MTL_FAST_MATH = YES;
				ONLY_ACTIVE_ARCH = YES;
				SDKROOT = iphoneos;
				SWIFT_ACTIVE_COMPILATION_CONDITIONS = "DEBUG $(inherited)";
				SWIFT_OPTIMIZATION_LEVEL = "-Onone";
			};
			name = Debug;
		};
		71A7C0092B55B5F7005BA0C1 /* Release */ = {
			isa = XCBuildConfiguration;
			buildSettings = {
				ALWAYS_SEARCH_USER_PATHS = NO;
				ASSETCATALOG_COMPILER_GENERATE_SWIFT_ASSET_SYMBOL_EXTENSIONS = YES;
				CLANG_ANALYZER_NONNULL = YES;
				CLANG_ANALYZER_NUMBER_OBJECT_CONVERSION = YES_AGGRESSIVE;
				CLANG_CXX_LANGUAGE_STANDARD = "gnu++20";
				CLANG_ENABLE_MODULES = YES;
				CLANG_ENABLE_OBJC_ARC = YES;
				CLANG_ENABLE_OBJC_WEAK = YES;
				CLANG_WARN_BLOCK_CAPTURE_AUTORELEASING = YES;
				CLANG_WARN_BOOL_CONVERSION = YES;
				CLANG_WARN_COMMA = YES;
				CLANG_WARN_CONSTANT_CONVERSION = YES;
				CLANG_WARN_DEPRECATED_OBJC_IMPLEMENTATIONS = YES;
				CLANG_WARN_DIRECT_OBJC_ISA_USAGE = YES_ERROR;
				CLANG_WARN_DOCUMENTATION_COMMENTS = YES;
				CLANG_WARN_EMPTY_BODY = YES;
				CLANG_WARN_ENUM_CONVERSION = YES;
				CLANG_WARN_INFINITE_RECURSION = YES;
				CLANG_WARN_INT_CONVERSION = YES;
				CLANG_WARN_NON_LITERAL_NULL_CONVERSION = YES;
				CLANG_WARN_OBJC_IMPLICIT_RETAIN_SELF = YES;
				CLANG_WARN_OBJC_LITERAL_CONVERSION = YES;
				CLANG_WARN_OBJC_ROOT_CLASS = YES_ERROR;
				CLANG_WARN_QUOTED_INCLUDE_IN_FRAMEWORK_HEADER = YES;
				CLANG_WARN_RANGE_LOOP_ANALYSIS = YES;
				CLANG_WARN_STRICT_PROTOTYPES = YES;
				CLANG_WARN_SUSPICIOUS_MOVE = YES;
				CLANG_WARN_UNGUARDED_AVAILABILITY = YES_AGGRESSIVE;
				CLANG_WARN_UNREACHABLE_CODE = YES;
				CLANG_WARN__DUPLICATE_METHOD_MATCH = YES;
				COPY_PHASE_STRIP = NO;
				DEBUG_INFORMATION_FORMAT = "dwarf-with-dsym";
				ENABLE_NS_ASSERTIONS = NO;
				ENABLE_STRICT_OBJC_MSGSEND = YES;
				ENABLE_USER_SCRIPT_SANDBOXING = YES;
				GCC_C_LANGUAGE_STANDARD = gnu17;
				GCC_NO_COMMON_BLOCKS = YES;
				GCC_WARN_64_TO_32_BIT_CONVERSION = YES;
				GCC_WARN_ABOUT_RETURN_TYPE = YES_ERROR;
				GCC_WARN_UNDECLARED_SELECTOR = YES;
				GCC_WARN_UNINITIALIZED_AUTOS = YES_AGGRESSIVE;
				GCC_WARN_UNUSED_FUNCTION = YES;
				GCC_WARN_UNUSED_VARIABLE = YES;
				IPHONEOS_DEPLOYMENT_TARGET = 17.0;
				LOCALIZATION_PREFERS_STRING_CATALOGS = YES;
				MTL_ENABLE_DEBUG_INFO = NO;
				MTL_FAST_MATH = YES;
				SDKROOT = iphoneos;
				SWIFT_COMPILATION_MODE = wholemodule;
				VALIDATE_PRODUCT = YES;
			};
			name = Release;
		};
		71A7C00B2B55B5F7005BA0C1 /* Debug */ = {
			isa = XCBuildConfiguration;
			buildSettings = {
				ASSETCATALOG_COMPILER_APPICON_NAME = AppIcon;
				ASSETCATALOG_COMPILER_GLOBAL_ACCENT_COLOR_NAME = AccentColor;
				CODE_SIGN_STYLE = Automatic;
				CURRENT_PROJECT_VERSION = 1;
				DEVELOPMENT_ASSET_PATHS = "\"WorkoutTracker/Preview Content\"";
				DEVELOPMENT_TEAM = 7UZH6B548Y;
				ENABLE_PREVIEWS = YES;
				GENERATE_INFOPLIST_FILE = YES;
				INFOPLIST_KEY_NSCameraUsageDescription = "WorkoutTracker would like to access your camera.";
				INFOPLIST_KEY_UIApplicationSceneManifest_Generation = YES;
				INFOPLIST_KEY_UIApplicationSupportsIndirectInputEvents = YES;
				INFOPLIST_KEY_UILaunchScreen_Generation = YES;
				INFOPLIST_KEY_UISupportedInterfaceOrientations_iPad = "UIInterfaceOrientationPortrait UIInterfaceOrientationPortraitUpsideDown UIInterfaceOrientationLandscapeLeft UIInterfaceOrientationLandscapeRight";
				INFOPLIST_KEY_UISupportedInterfaceOrientations_iPhone = "UIInterfaceOrientationPortrait UIInterfaceOrientationLandscapeLeft UIInterfaceOrientationLandscapeRight";
				LD_RUNPATH_SEARCH_PATHS = (
					"$(inherited)",
					"@executable_path/Frameworks",
				);
				MARKETING_VERSION = 1.0;
				PRODUCT_BUNDLE_IDENTIFIER = com.ebucelik.WorkoutTracker;
				PRODUCT_NAME = "$(TARGET_NAME)";
				SWIFT_EMIT_LOC_STRINGS = YES;
				SWIFT_VERSION = 5.0;
				TARGETED_DEVICE_FAMILY = "1,2";
			};
			name = Debug;
		};
		71A7C00C2B55B5F7005BA0C1 /* Release */ = {
			isa = XCBuildConfiguration;
			buildSettings = {
				ASSETCATALOG_COMPILER_APPICON_NAME = AppIcon;
				ASSETCATALOG_COMPILER_GLOBAL_ACCENT_COLOR_NAME = AccentColor;
				CODE_SIGN_STYLE = Automatic;
				CURRENT_PROJECT_VERSION = 1;
				DEVELOPMENT_ASSET_PATHS = "\"WorkoutTracker/Preview Content\"";
				DEVELOPMENT_TEAM = 7UZH6B548Y;
				ENABLE_PREVIEWS = YES;
				GENERATE_INFOPLIST_FILE = YES;
				INFOPLIST_KEY_NSCameraUsageDescription = "WorkoutTracker would like to access your camera.";
				INFOPLIST_KEY_UIApplicationSceneManifest_Generation = YES;
				INFOPLIST_KEY_UIApplicationSupportsIndirectInputEvents = YES;
				INFOPLIST_KEY_UILaunchScreen_Generation = YES;
				INFOPLIST_KEY_UISupportedInterfaceOrientations_iPad = "UIInterfaceOrientationPortrait UIInterfaceOrientationPortraitUpsideDown UIInterfaceOrientationLandscapeLeft UIInterfaceOrientationLandscapeRight";
				INFOPLIST_KEY_UISupportedInterfaceOrientations_iPhone = "UIInterfaceOrientationPortrait UIInterfaceOrientationLandscapeLeft UIInterfaceOrientationLandscapeRight";
				LD_RUNPATH_SEARCH_PATHS = (
					"$(inherited)",
					"@executable_path/Frameworks",
				);
				MARKETING_VERSION = 1.0;
				PRODUCT_BUNDLE_IDENTIFIER = com.ebucelik.WorkoutTracker;
				PRODUCT_NAME = "$(TARGET_NAME)";
				SWIFT_EMIT_LOC_STRINGS = YES;
				SWIFT_VERSION = 5.0;
				TARGETED_DEVICE_FAMILY = "1,2";
			};
			name = Release;
		};
/* End XCBuildConfiguration section */

/* Begin XCConfigurationList section */
		71A7BFF72B55B5F6005BA0C1 /* Build configuration list for PBXProject "WorkoutTracker" */ = {
			isa = XCConfigurationList;
			buildConfigurations = (
				71A7C0082B55B5F7005BA0C1 /* Debug */,
				71A7C0092B55B5F7005BA0C1 /* Release */,
			);
			defaultConfigurationIsVisible = 0;
			defaultConfigurationName = Release;
		};
		71A7C00A2B55B5F7005BA0C1 /* Build configuration list for PBXNativeTarget "WorkoutTracker" */ = {
			isa = XCConfigurationList;
			buildConfigurations = (
				71A7C00B2B55B5F7005BA0C1 /* Debug */,
				71A7C00C2B55B5F7005BA0C1 /* Release */,
			);
			defaultConfigurationIsVisible = 0;
			defaultConfigurationName = Release;
		};
/* End XCConfigurationList section */
	};
	rootObject = 71A7BFF42B55B5F6005BA0C1 /* Project object */;
}
